// !$*UTF8*$!
{
	archiveVersion = 1;
	classes = {
	};
	objectVersion = 50;
	objects = {

/* Begin PBXBuildFile section */
		0FF75BA42076DC1F00AB3A45 /* AppDelegate.swift in Sources */ = {isa = PBXBuildFile; fileRef = 0FF75BA32076DC1F00AB3A45 /* AppDelegate.swift */; };
		0FF75BA62076DC1F00AB3A45 /* ViewController.swift in Sources */ = {isa = PBXBuildFile; fileRef = 0FF75BA52076DC1F00AB3A45 /* ViewController.swift */; };
		0FF75BA92076DC1F00AB3A45 /* Main.storyboard in Resources */ = {isa = PBXBuildFile; fileRef = 0FF75BA72076DC1F00AB3A45 /* Main.storyboard */; };
		0FF75BAB2076DC2100AB3A45 /* Assets.xcassets in Resources */ = {isa = PBXBuildFile; fileRef = 0FF75BAA2076DC2100AB3A45 /* Assets.xcassets */; };
		0FF75BAE2076DC2100AB3A45 /* LaunchScreen.storyboard in Resources */ = {isa = PBXBuildFile; fileRef = 0FF75BAC2076DC2100AB3A45 /* LaunchScreen.storyboard */; };
		0FF75BB92076DC2100AB3A45 /* SnapKitUITests.swift in Sources */ = {isa = PBXBuildFile; fileRef = 0FF75BB82076DC2100AB3A45 /* SnapKitUITests.swift */; };
		19D61C46586E6249A8E634BB /* Pods_SnapKit.framework in Frameworks */ = {isa = PBXBuildFile; fileRef = E13E990AEA719073006D76BF /* Pods_SnapKit.framework */; };
		B8E549C555EB084306CBC13A /* Pods_SnapKitUITests.framework in Frameworks */ = {isa = PBXBuildFile; fileRef = 82398C8CB8F4493881680E4D /* Pods_SnapKitUITests.framework */; };
/* End PBXBuildFile section */

/* Begin PBXContainerItemProxy section */
		0FF75BB52076DC2100AB3A45 /* PBXContainerItemProxy */ = {
			isa = PBXContainerItemProxy;
			containerPortal = 0FF75B982076DC1F00AB3A45 /* Project object */;
			proxyType = 1;
			remoteGlobalIDString = 0FF75B9F2076DC1F00AB3A45;
			remoteInfo = SnapKit;
		};
/* End PBXContainerItemProxy section */

/* Begin PBXFileReference section */
		0FF75BA02076DC1F00AB3A45 /* SnapKit.app */ = {isa = PBXFileReference; explicitFileType = wrapper.application; includeInIndex = 0; path = SnapKit.app; sourceTree = BUILT_PRODUCTS_DIR; };
		0FF75BA32076DC1F00AB3A45 /* AppDelegate.swift */ = {isa = PBXFileReference; lastKnownFileType = sourcecode.swift; path = AppDelegate.swift; sourceTree = "<group>"; };
		0FF75BA52076DC1F00AB3A45 /* ViewController.swift */ = {isa = PBXFileReference; lastKnownFileType = sourcecode.swift; path = ViewController.swift; sourceTree = "<group>"; };
		0FF75BA82076DC1F00AB3A45 /* Base */ = {isa = PBXFileReference; lastKnownFileType = file.storyboard; name = Base; path = Base.lproj/Main.storyboard; sourceTree = "<group>"; };
		0FF75BAA2076DC2100AB3A45 /* Assets.xcassets */ = {isa = PBXFileReference; lastKnownFileType = folder.assetcatalog; path = Assets.xcassets; sourceTree = "<group>"; };
		0FF75BAD2076DC2100AB3A45 /* Base */ = {isa = PBXFileReference; lastKnownFileType = file.storyboard; name = Base; path = Base.lproj/LaunchScreen.storyboard; sourceTree = "<group>"; };
		0FF75BAF2076DC2100AB3A45 /* Info.plist */ = {isa = PBXFileReference; lastKnownFileType = text.plist.xml; path = Info.plist; sourceTree = "<group>"; };
		0FF75BB42076DC2100AB3A45 /* SnapKitUITests.xctest */ = {isa = PBXFileReference; explicitFileType = wrapper.cfbundle; includeInIndex = 0; path = SnapKitUITests.xctest; sourceTree = BUILT_PRODUCTS_DIR; };
		0FF75BB82076DC2100AB3A45 /* SnapKitUITests.swift */ = {isa = PBXFileReference; lastKnownFileType = sourcecode.swift; path = SnapKitUITests.swift; sourceTree = "<group>"; };
		0FF75BBA2076DC2100AB3A45 /* Info.plist */ = {isa = PBXFileReference; lastKnownFileType = text.plist.xml; path = Info.plist; sourceTree = "<group>"; };
		48A07DA7F4A38B6DFEA7FBBD /* Pods-SnapKitUITests.release.xcconfig */ = {isa = PBXFileReference; includeInIndex = 1; lastKnownFileType = text.xcconfig; name = "Pods-SnapKitUITests.release.xcconfig"; path = "Pods/Target Support Files/Pods-SnapKitUITests/Pods-SnapKitUITests.release.xcconfig"; sourceTree = "<group>"; };
		82398C8CB8F4493881680E4D /* Pods_SnapKitUITests.framework */ = {isa = PBXFileReference; explicitFileType = wrapper.framework; includeInIndex = 0; path = Pods_SnapKitUITests.framework; sourceTree = BUILT_PRODUCTS_DIR; };
		8EB7D2CA5E702531999EA116 /* Pods-SnapKit.release.xcconfig */ = {isa = PBXFileReference; includeInIndex = 1; lastKnownFileType = text.xcconfig; name = "Pods-SnapKit.release.xcconfig"; path = "Pods/Target Support Files/Pods-SnapKit/Pods-SnapKit.release.xcconfig"; sourceTree = "<group>"; };
		917982CE991D1B6A69E64276 /* Pods-SnapKitUITests.debug.xcconfig */ = {isa = PBXFileReference; includeInIndex = 1; lastKnownFileType = text.xcconfig; name = "Pods-SnapKitUITests.debug.xcconfig"; path = "Pods/Target Support Files/Pods-SnapKitUITests/Pods-SnapKitUITests.debug.xcconfig"; sourceTree = "<group>"; };
		E13E990AEA719073006D76BF /* Pods_SnapKit.framework */ = {isa = PBXFileReference; explicitFileType = wrapper.framework; includeInIndex = 0; path = Pods_SnapKit.framework; sourceTree = BUILT_PRODUCTS_DIR; };
		E7AD5A098742AEC854144626 /* Pods-SnapKit.debug.xcconfig */ = {isa = PBXFileReference; includeInIndex = 1; lastKnownFileType = text.xcconfig; name = "Pods-SnapKit.debug.xcconfig"; path = "Pods/Target Support Files/Pods-SnapKit/Pods-SnapKit.debug.xcconfig"; sourceTree = "<group>"; };
/* End PBXFileReference section */

/* Begin PBXFrameworksBuildPhase section */
		0FF75B9D2076DC1F00AB3A45 /* Frameworks */ = {
			isa = PBXFrameworksBuildPhase;
			buildActionMask = 2147483647;
			files = (
				19D61C46586E6249A8E634BB /* Pods_SnapKit.framework in Frameworks */,
			);
			runOnlyForDeploymentPostprocessing = 0;
		};
		0FF75BB12076DC2100AB3A45 /* Frameworks */ = {
			isa = PBXFrameworksBuildPhase;
			buildActionMask = 2147483647;
			files = (
				B8E549C555EB084306CBC13A /* Pods_SnapKitUITests.framework in Frameworks */,
			);
			runOnlyForDeploymentPostprocessing = 0;
		};
/* End PBXFrameworksBuildPhase section */

/* Begin PBXGroup section */
		0FF75B972076DC1F00AB3A45 = {
			isa = PBXGroup;
			children = (
				0FF75BA22076DC1F00AB3A45 /* SnapKit */,
				0FF75BB72076DC2100AB3A45 /* SnapKitUITests */,
				0FF75BA12076DC1F00AB3A45 /* Products */,
				C5F25FC1C82EEB8D5C2EEA93 /* Pods */,
				C0F16DD042BFCFB3322801C1 /* Frameworks */,
			);
			sourceTree = "<group>";
		};
		0FF75BA12076DC1F00AB3A45 /* Products */ = {
			isa = PBXGroup;
			children = (
				0FF75BA02076DC1F00AB3A45 /* SnapKit.app */,
				0FF75BB42076DC2100AB3A45 /* SnapKitUITests.xctest */,
			);
			name = Products;
			sourceTree = "<group>";
		};
		0FF75BA22076DC1F00AB3A45 /* SnapKit */ = {
			isa = PBXGroup;
			children = (
				0FF75BA32076DC1F00AB3A45 /* AppDelegate.swift */,
				0FF75BA52076DC1F00AB3A45 /* ViewController.swift */,
				0FF75BA72076DC1F00AB3A45 /* Main.storyboard */,
				0FF75BAA2076DC2100AB3A45 /* Assets.xcassets */,
				0FF75BAC2076DC2100AB3A45 /* LaunchScreen.storyboard */,
				0FF75BAF2076DC2100AB3A45 /* Info.plist */,
			);
			path = SnapKit;
			sourceTree = "<group>";
		};
		0FF75BB72076DC2100AB3A45 /* SnapKitUITests */ = {
			isa = PBXGroup;
			children = (
				0FF75BB82076DC2100AB3A45 /* SnapKitUITests.swift */,
				0FF75BBA2076DC2100AB3A45 /* Info.plist */,
			);
			path = SnapKitUITests;
			sourceTree = "<group>";
		};
		C0F16DD042BFCFB3322801C1 /* Frameworks */ = {
			isa = PBXGroup;
			children = (
				E13E990AEA719073006D76BF /* Pods_SnapKit.framework */,
				82398C8CB8F4493881680E4D /* Pods_SnapKitUITests.framework */,
			);
			name = Frameworks;
			sourceTree = "<group>";
		};
		C5F25FC1C82EEB8D5C2EEA93 /* Pods */ = {
			isa = PBXGroup;
			children = (
				E7AD5A098742AEC854144626 /* Pods-SnapKit.debug.xcconfig */,
				8EB7D2CA5E702531999EA116 /* Pods-SnapKit.release.xcconfig */,
				917982CE991D1B6A69E64276 /* Pods-SnapKitUITests.debug.xcconfig */,
				48A07DA7F4A38B6DFEA7FBBD /* Pods-SnapKitUITests.release.xcconfig */,
			);
			name = Pods;
			sourceTree = "<group>";
		};
/* End PBXGroup section */

/* Begin PBXNativeTarget section */
		0FF75B9F2076DC1F00AB3A45 /* SnapKit */ = {
			isa = PBXNativeTarget;
			buildConfigurationList = 0FF75BBD2076DC2100AB3A45 /* Build configuration list for PBXNativeTarget "SnapKit" */;
			buildPhases = (
				00BE5BF6162C571B958C88F6 /* [CP] Check Pods Manifest.lock */,
				0FF75B9C2076DC1F00AB3A45 /* Sources */,
				0FF75B9D2076DC1F00AB3A45 /* Frameworks */,
				0FF75B9E2076DC1F00AB3A45 /* Resources */,
				59ED22CE3081E73C960F40FF /* [CP] Embed Pods Frameworks */,
			);
			buildRules = (
			);
			dependencies = (
			);
			name = SnapKit;
			productName = SnapKit;
			productReference = 0FF75BA02076DC1F00AB3A45 /* SnapKit.app */;
			productType = "com.apple.product-type.application";
		};
		0FF75BB32076DC2100AB3A45 /* SnapKitUITests */ = {
			isa = PBXNativeTarget;
			buildConfigurationList = 0FF75BC02076DC2100AB3A45 /* Build configuration list for PBXNativeTarget "SnapKitUITests" */;
			buildPhases = (
				B74736D5B230F3D565D2E2C8 /* [CP] Check Pods Manifest.lock */,
				0FF75BB02076DC2100AB3A45 /* Sources */,
				0FF75BB12076DC2100AB3A45 /* Frameworks */,
				0FF75BB22076DC2100AB3A45 /* Resources */,
			);
			buildRules = (
			);
			dependencies = (
				0FF75BB62076DC2100AB3A45 /* PBXTargetDependency */,
			);
			name = SnapKitUITests;
			productName = SnapKitUITests;
			productReference = 0FF75BB42076DC2100AB3A45 /* SnapKitUITests.xctest */;
			productType = "com.apple.product-type.bundle.ui-testing";
		};
/* End PBXNativeTarget section */

/* Begin PBXProject section */
		0FF75B982076DC1F00AB3A45 /* Project object */ = {
			isa = PBXProject;
			attributes = {
				LastSwiftUpdateCheck = 0930;
				LastUpgradeCheck = 0930;
				ORGANIZATIONNAME = Wizard;
				TargetAttributes = {
					0FF75B9F2076DC1F00AB3A45 = {
						CreatedOnToolsVersion = 9.3;
					};
					0FF75BB32076DC2100AB3A45 = {
						CreatedOnToolsVersion = 9.3;
						TestTargetID = 0FF75B9F2076DC1F00AB3A45;
					};
				};
			};
			buildConfigurationList = 0FF75B9B2076DC1F00AB3A45 /* Build configuration list for PBXProject "SnapKit" */;
			compatibilityVersion = "Xcode 9.3";
			developmentRegion = en;
			hasScannedForEncodings = 0;
			knownRegions = (
				en,
				Base,
			);
			mainGroup = 0FF75B972076DC1F00AB3A45;
			productRefGroup = 0FF75BA12076DC1F00AB3A45 /* Products */;
			projectDirPath = "";
			projectRoot = "";
			targets = (
				0FF75B9F2076DC1F00AB3A45 /* SnapKit */,
				0FF75BB32076DC2100AB3A45 /* SnapKitUITests */,
			);
		};
/* End PBXProject section */

/* Begin PBXResourcesBuildPhase section */
		0FF75B9E2076DC1F00AB3A45 /* Resources */ = {
			isa = PBXResourcesBuildPhase;
			buildActionMask = 2147483647;
			files = (
				0FF75BAE2076DC2100AB3A45 /* LaunchScreen.storyboard in Resources */,
				0FF75BAB2076DC2100AB3A45 /* Assets.xcassets in Resources */,
				0FF75BA92076DC1F00AB3A45 /* Main.storyboard in Resources */,
			);
			runOnlyForDeploymentPostprocessing = 0;
		};
		0FF75BB22076DC2100AB3A45 /* Resources */ = {
			isa = PBXResourcesBuildPhase;
			buildActionMask = 2147483647;
			files = (
			);
			runOnlyForDeploymentPostprocessing = 0;
		};
/* End PBXResourcesBuildPhase section */

/* Begin PBXShellScriptBuildPhase section */
		00BE5BF6162C571B958C88F6 /* [CP] Check Pods Manifest.lock */ = {
			isa = PBXShellScriptBuildPhase;
			buildActionMask = 2147483647;
			files = (
			);
			inputPaths = (
				"${PODS_PODFILE_DIR_PATH}/Podfile.lock",
				"${PODS_ROOT}/Manifest.lock",
			);
			name = "[CP] Check Pods Manifest.lock";
			outputPaths = (
				"$(DERIVED_FILE_DIR)/Pods-SnapKit-checkManifestLockResult.txt",
			);
			runOnlyForDeploymentPostprocessing = 0;
			shellPath = /bin/sh;
			shellScript = "diff \"${PODS_PODFILE_DIR_PATH}/Podfile.lock\" \"${PODS_ROOT}/Manifest.lock\" > /dev/null\nif [ $? != 0 ] ; then\n    # print error to STDERR\n    echo \"error: The sandbox is not in sync with the Podfile.lock. Run 'pod install' or update your CocoaPods installation.\" >&2\n    exit 1\nfi\n# This output is used by Xcode 'outputs' to avoid re-running this script phase.\necho \"SUCCESS\" > \"${SCRIPT_OUTPUT_FILE_0}\"\n";
			showEnvVarsInLog = 0;
		};
		59ED22CE3081E73C960F40FF /* [CP] Embed Pods Frameworks */ = {
			isa = PBXShellScriptBuildPhase;
			buildActionMask = 2147483647;
			files = (
			);
			inputPaths = (
				"${SRCROOT}/Pods/Target Support Files/Pods-SnapKit/Pods-SnapKit-frameworks.sh",
				"${BUILT_PRODUCTS_DIR}/SnapKit/SnapKit.framework",
			);
			name = "[CP] Embed Pods Frameworks";
			outputPaths = (
				"${TARGET_BUILD_DIR}/${FRAMEWORKS_FOLDER_PATH}/SnapKit.framework",
			);
			runOnlyForDeploymentPostprocessing = 0;
			shellPath = /bin/sh;
			shellScript = "\"${SRCROOT}/Pods/Target Support Files/Pods-SnapKit/Pods-SnapKit-frameworks.sh\"\n";
			showEnvVarsInLog = 0;
		};
		B74736D5B230F3D565D2E2C8 /* [CP] Check Pods Manifest.lock */ = {
			isa = PBXShellScriptBuildPhase;
			buildActionMask = 2147483647;
			files = (
			);
			inputPaths = (
				"${PODS_PODFILE_DIR_PATH}/Podfile.lock",
				"${PODS_ROOT}/Manifest.lock",
			);
			name = "[CP] Check Pods Manifest.lock";
			outputPaths = (
				"$(DERIVED_FILE_DIR)/Pods-SnapKitUITests-checkManifestLockResult.txt",
			);
			runOnlyForDeploymentPostprocessing = 0;
			shellPath = /bin/sh;
			shellScript = "diff \"${PODS_PODFILE_DIR_PATH}/Podfile.lock\" \"${PODS_ROOT}/Manifest.lock\" > /dev/null\nif [ $? != 0 ] ; then\n    # print error to STDERR\n    echo \"error: The sandbox is not in sync with the Podfile.lock. Run 'pod install' or update your CocoaPods installation.\" >&2\n    exit 1\nfi\n# This output is used by Xcode 'outputs' to avoid re-running this script phase.\necho \"SUCCESS\" > \"${SCRIPT_OUTPUT_FILE_0}\"\n";
			showEnvVarsInLog = 0;
		};
/* End PBXShellScriptBuildPhase section */

/* Begin PBXSourcesBuildPhase section */
		0FF75B9C2076DC1F00AB3A45 /* Sources */ = {
			isa = PBXSourcesBuildPhase;
			buildActionMask = 2147483647;
			files = (
				0FF75BA62076DC1F00AB3A45 /* ViewController.swift in Sources */,
				0FF75BA42076DC1F00AB3A45 /* AppDelegate.swift in Sources */,
			);
			runOnlyForDeploymentPostprocessing = 0;
		};
		0FF75BB02076DC2100AB3A45 /* Sources */ = {
			isa = PBXSourcesBuildPhase;
			buildActionMask = 2147483647;
			files = (
				0FF75BB92076DC2100AB3A45 /* SnapKitUITests.swift in Sources */,
			);
			runOnlyForDeploymentPostprocessing = 0;
		};
/* End PBXSourcesBuildPhase section */

/* Begin PBXTargetDependency section */
		0FF75BB62076DC2100AB3A45 /* PBXTargetDependency */ = {
			isa = PBXTargetDependency;
			target = 0FF75B9F2076DC1F00AB3A45 /* SnapKit */;
			targetProxy = 0FF75BB52076DC2100AB3A45 /* PBXContainerItemProxy */;
		};
/* End PBXTargetDependency section */

/* Begin PBXVariantGroup section */
		0FF75BA72076DC1F00AB3A45 /* Main.storyboard */ = {
			isa = PBXVariantGroup;
			children = (
				0FF75BA82076DC1F00AB3A45 /* Base */,
			);
			name = Main.storyboard;
			sourceTree = "<group>";
		};
		0FF75BAC2076DC2100AB3A45 /* LaunchScreen.storyboard */ = {
			isa = PBXVariantGroup;
			children = (
				0FF75BAD2076DC2100AB3A45 /* Base */,
			);
			name = LaunchScreen.storyboard;
			sourceTree = "<group>";
		};
/* End PBXVariantGroup section */

/* Begin XCBuildConfiguration section */
		0FF75BBB2076DC2100AB3A45 /* Debug */ = {
			isa = XCBuildConfiguration;
			buildSettings = {
				ALWAYS_SEARCH_USER_PATHS = NO;
				CLANG_ANALYZER_NONNULL = YES;
				CLANG_ANALYZER_NUMBER_OBJECT_CONVERSION = YES_AGGRESSIVE;
				CLANG_CXX_LANGUAGE_STANDARD = "gnu++14";
				CLANG_CXX_LIBRARY = "libc++";
				CLANG_ENABLE_MODULES = YES;
				CLANG_ENABLE_OBJC_ARC = YES;
				CLANG_ENABLE_OBJC_WEAK = YES;
				CLANG_WARN_BLOCK_CAPTURE_AUTORELEASING = YES;
				CLANG_WARN_BOOL_CONVERSION = YES;
				CLANG_WARN_COMMA = YES;
				CLANG_WARN_CONSTANT_CONVERSION = YES;
				CLANG_WARN_DEPRECATED_OBJC_IMPLEMENTATIONS = YES;
				CLANG_WARN_DIRECT_OBJC_ISA_USAGE = YES_ERROR;
				CLANG_WARN_DOCUMENTATION_COMMENTS = YES;
				CLANG_WARN_EMPTY_BODY = YES;
				CLANG_WARN_ENUM_CONVERSION = YES;
				CLANG_WARN_INFINITE_RECURSION = YES;
				CLANG_WARN_INT_CONVERSION = YES;
				CLANG_WARN_NON_LITERAL_NULL_CONVERSION = YES;
				CLANG_WARN_OBJC_IMPLICIT_RETAIN_SELF = YES;
				CLANG_WARN_OBJC_LITERAL_CONVERSION = YES;
				CLANG_WARN_OBJC_ROOT_CLASS = YES_ERROR;
				CLANG_WARN_RANGE_LOOP_ANALYSIS = YES;
				CLANG_WARN_STRICT_PROTOTYPES = YES;
				CLANG_WARN_SUSPICIOUS_MOVE = YES;
				CLANG_WARN_UNGUARDED_AVAILABILITY = YES_AGGRESSIVE;
				CLANG_WARN_UNREACHABLE_CODE = YES;
				CLANG_WARN__DUPLICATE_METHOD_MATCH = YES;
				CODE_SIGN_IDENTITY = "iPhone Developer";
				COPY_PHASE_STRIP = NO;
				DEBUG_INFORMATION_FORMAT = dwarf;
				ENABLE_STRICT_OBJC_MSGSEND = YES;
				ENABLE_TESTABILITY = YES;
				GCC_C_LANGUAGE_STANDARD = gnu11;
				GCC_DYNAMIC_NO_PIC = NO;
				GCC_NO_COMMON_BLOCKS = YES;
				GCC_OPTIMIZATION_LEVEL = 0;
				GCC_PREPROCESSOR_DEFINITIONS = (
					"DEBUG=1",
					"$(inherited)",
				);
				GCC_WARN_64_TO_32_BIT_CONVERSION = YES;
				GCC_WARN_ABOUT_RETURN_TYPE = YES_ERROR;
				GCC_WARN_UNDECLARED_SELECTOR = YES;
				GCC_WARN_UNINITIALIZED_AUTOS = YES_AGGRESSIVE;
				GCC_WARN_UNUSED_FUNCTION = YES;
				GCC_WARN_UNUSED_VARIABLE = YES;
				IPHONEOS_DEPLOYMENT_TARGET = 11.3;
				MTL_ENABLE_DEBUG_INFO = YES;
				ONLY_ACTIVE_ARCH = YES;
				SDKROOT = iphoneos;
				SWIFT_ACTIVE_COMPILATION_CONDITIONS = DEBUG;
				SWIFT_OPTIMIZATION_LEVEL = "-Onone";
			};
			name = Debug;
		};
		0FF75BBC2076DC2100AB3A45 /* Release */ = {
			isa = XCBuildConfiguration;
			buildSettings = {
				ALWAYS_SEARCH_USER_PATHS = NO;
				CLANG_ANALYZER_NONNULL = YES;
				CLANG_ANALYZER_NUMBER_OBJECT_CONVERSION = YES_AGGRESSIVE;
				CLANG_CXX_LANGUAGE_STANDARD = "gnu++14";
				CLANG_CXX_LIBRARY = "libc++";
				CLANG_ENABLE_MODULES = YES;
				CLANG_ENABLE_OBJC_ARC = YES;
				CLANG_ENABLE_OBJC_WEAK = YES;
				CLANG_WARN_BLOCK_CAPTURE_AUTORELEASING = YES;
				CLANG_WARN_BOOL_CONVERSION = YES;
				CLANG_WARN_COMMA = YES;
				CLANG_WARN_CONSTANT_CONVERSION = YES;
				CLANG_WARN_DEPRECATED_OBJC_IMPLEMENTATIONS = YES;
				CLANG_WARN_DIRECT_OBJC_ISA_USAGE = YES_ERROR;
				CLANG_WARN_DOCUMENTATION_COMMENTS = YES;
				CLANG_WARN_EMPTY_BODY = YES;
				CLANG_WARN_ENUM_CONVERSION = YES;
				CLANG_WARN_INFINITE_RECURSION = YES;
				CLANG_WARN_INT_CONVERSION = YES;
				CLANG_WARN_NON_LITERAL_NULL_CONVERSION = YES;
				CLANG_WARN_OBJC_IMPLICIT_RETAIN_SELF = YES;
				CLANG_WARN_OBJC_LITERAL_CONVERSION = YES;
				CLANG_WARN_OBJC_ROOT_CLASS = YES_ERROR;
				CLANG_WARN_RANGE_LOOP_ANALYSIS = YES;
				CLANG_WARN_STRICT_PROTOTYPES = YES;
				CLANG_WARN_SUSPICIOUS_MOVE = YES;
				CLANG_WARN_UNGUARDED_AVAILABILITY = YES_AGGRESSIVE;
				CLANG_WARN_UNREACHABLE_CODE = YES;
				CLANG_WARN__DUPLICATE_METHOD_MATCH = YES;
				CODE_SIGN_IDENTITY = "iPhone Developer";
				COPY_PHASE_STRIP = NO;
				DEBUG_INFORMATION_FORMAT = "dwarf-with-dsym";
				ENABLE_NS_ASSERTIONS = NO;
				ENABLE_STRICT_OBJC_MSGSEND = YES;
				GCC_C_LANGUAGE_STANDARD = gnu11;
				GCC_NO_COMMON_BLOCKS = YES;
				GCC_WARN_64_TO_32_BIT_CONVERSION = YES;
				GCC_WARN_ABOUT_RETURN_TYPE = YES_ERROR;
				GCC_WARN_UNDECLARED_SELECTOR = YES;
				GCC_WARN_UNINITIALIZED_AUTOS = YES_AGGRESSIVE;
				GCC_WARN_UNUSED_FUNCTION = YES;
				GCC_WARN_UNUSED_VARIABLE = YES;
				IPHONEOS_DEPLOYMENT_TARGET = 11.3;
				MTL_ENABLE_DEBUG_INFO = NO;
				SDKROOT = iphoneos;
				SWIFT_COMPILATION_MODE = wholemodule;
				SWIFT_OPTIMIZATION_LEVEL = "-O";
				VALIDATE_PRODUCT = YES;
			};
			name = Release;
		};
		0FF75BBE2076DC2100AB3A45 /* Debug */ = {
			isa = XCBuildConfiguration;
			baseConfigurationReference = E7AD5A098742AEC854144626 /* Pods-SnapKit.debug.xcconfig */;
			buildSettings = {
				ASSETCATALOG_COMPILER_APPICON_NAME = AppIcon;
				CODE_SIGN_STYLE = Automatic;
				DEVELOPMENT_TEAM = 3DRS89P7R7;
				INFOPLIST_FILE = SnapKit/Info.plist;
				LD_RUNPATH_SEARCH_PATHS = "$(inherited) @executable_path/Frameworks";
				PRODUCT_BUNDLE_IDENTIFIER = com.nishant.SnapKit;
				PRODUCT_NAME = "$(TARGET_NAME)";
				SWIFT_VERSION = 4.0;
				TARGETED_DEVICE_FAMILY = "1,2";
			};
			name = Debug;
		};
		0FF75BBF2076DC2100AB3A45 /* Release */ = {
			isa = XCBuildConfiguration;
			baseConfigurationReference = 8EB7D2CA5E702531999EA116 /* Pods-SnapKit.release.xcconfig */;
			buildSettings = {
				ASSETCATALOG_COMPILER_APPICON_NAME = AppIcon;
				CODE_SIGN_STYLE = Automatic;
				DEVELOPMENT_TEAM = 3DRS89P7R7;
				INFOPLIST_FILE = SnapKit/Info.plist;
				LD_RUNPATH_SEARCH_PATHS = "$(inherited) @executable_path/Frameworks";
				PRODUCT_BUNDLE_IDENTIFIER = com.nishant.SnapKit;
				PRODUCT_NAME = "$(TARGET_NAME)";
				SWIFT_VERSION = 4.0;
				TARGETED_DEVICE_FAMILY = "1,2";
			};
			name = Release;
		};
		0FF75BC12076DC2100AB3A45 /* Debug */ = {
			isa = XCBuildConfiguration;
			baseConfigurationReference = 917982CE991D1B6A69E64276 /* Pods-SnapKitUITests.debug.xcconfig */;
			buildSettings = {
				ALWAYS_EMBED_SWIFT_STANDARD_LIBRARIES = YES;
				CODE_SIGN_STYLE = Automatic;
				DEVELOPMENT_TEAM = 3DRS89P7R7;
				INFOPLIST_FILE = SnapKitUITests/Info.plist;
				LD_RUNPATH_SEARCH_PATHS = "$(inherited) @executable_path/Frameworks @loader_path/Frameworks";
				PRODUCT_BUNDLE_IDENTIFIER = com.nishant.SnapKitUITests;
				PRODUCT_NAME = "$(TARGET_NAME)";
				SWIFT_VERSION = 4.0;
				TARGETED_DEVICE_FAMILY = "1,2";
				TEST_TARGET_NAME = SnapKit;
			};
			name = Debug;
		};
		0FF75BC22076DC2100AB3A45 /* Release */ = {
			isa = XCBuildConfiguration;
			baseConfigurationReference = 48A07DA7F4A38B6DFEA7FBBD /* Pods-SnapKitUITests.release.xcconfig */;
			buildSettings = {
				ALWAYS_EMBED_SWIFT_STANDARD_LIBRARIES = YES;
				CODE_SIGN_STYLE = Automatic;
				DEVELOPMENT_TEAM = 3DRS89P7R7;
				INFOPLIST_FILE = SnapKitUITests/Info.plist;
				LD_RUNPATH_SEARCH_PATHS = "$(inherited) @executable_path/Frameworks @loader_path/Frameworks";
				PRODUCT_BUNDLE_IDENTIFIER = com.nishant.SnapKitUITests;
				PRODUCT_NAME = "$(TARGET_NAME)";
				SWIFT_VERSION = 4.0;
				TARGETED_DEVICE_FAMILY = "1,2";
				TEST_TARGET_NAME = SnapKit;
			};
			name = Release;
		};
/* End XCBuildConfiguration section */

/* Begin XCConfigurationList section */
		0FF75B9B2076DC1F00AB3A45 /* Build configuration list for PBXProject "SnapKit" */ = {
			isa = XCConfigurationList;
			buildConfigurations = (
				0FF75BBB2076DC2100AB3A45 /* Debug */,
				0FF75BBC2076DC2100AB3A45 /* Release */,
			);
			defaultConfigurationIsVisible = 0;
			defaultConfigurationName = Release;
		};
		0FF75BBD2076DC2100AB3A45 /* Build configuration list for PBXNativeTarget "SnapKit" */ = {
			isa = XCConfigurationList;
			buildConfigurations = (
				0FF75BBE2076DC2100AB3A45 /* Debug */,
				0FF75BBF2076DC2100AB3A45 /* Release */,
			);
			defaultConfigurationIsVisible = 0;
			defaultConfigurationName = Release;
		};
		0FF75BC02076DC2100AB3A45 /* Build configuration list for PBXNativeTarget "SnapKitUITests" */ = {
			isa = XCConfigurationList;
			buildConfigurations = (
				0FF75BC12076DC2100AB3A45 /* Debug */,
				0FF75BC22076DC2100AB3A45 /* Release */,
			);
			defaultConfigurationIsVisible = 0;
			defaultConfigurationName = Release;
		};
/* End XCConfigurationList section */
	};
	rootObject = 0FF75B982076DC1F00AB3A45 /* Project object */;
}
